
Microsoft Visual Studio Solution File, Format Version 12.00
# Visual Studio Version 16
VisualStudioVersion = 16.0.29728.190
MinimumVisualStudioVersion = 10.0.40219.1
Project("{FAE04EC0-301F-11D3-BF4B-00C04F79EFBC}") = "DiplomServer", "DiplomServer\DiplomServer.csproj", "{63FC3427-88D8-439C-A9C6-479C9390E305}"
EndProject
Global
	GlobalSection(SolutionConfigurationPlatforms) = preSolution
		Debug|Any CPU = Debug|Any CPU
		Release|Any CPU = Release|Any CPU
	EndGlobalSection
	GlobalSection(ProjectConfigurationPlatforms) = postSolution
		{63FC3427-88D8-439C-A9C6-479C9390E305}.Debug|Any CPU.ActiveCfg = Debug|Any CPU
		{63FC3427-88D8-439C-A9C6-479C9390E305}.Debug|Any CPU.Build.0 = Debug|Any CPU
		{63FC3427-88D8-439C-A9C6-479C9390E305}.Release|Any CPU.ActiveCfg = Release|Any CPU
		{63FC3427-88D8-439C-A9C6-479C9390E305}.Release|Any CPU.Build.0 = Release|Any CPU
	EndGlobalSection
	GlobalSection(SolutionProperties) = preSolution
		HideSolutionNode = FALSE
	EndGlobalSection
	GlobalSection(ExtensibilityGlobals) = postSolution
		SolutionGuid = {C832214A-8D04-409A-9A64-8AB9F68975E3}
	EndGlobalSection
EndGlobal
